
Microsoft Visual Studio Solution File, Format Version 12.00
# Visual Studio Version 17
VisualStudioVersion = 17.3.32819.101
MinimumVisualStudioVersion = 10.0.40219.1
Project("{9A19103F-16F7-4668-BE54-9A1E7A4F7556}") = "Book Reader", "Book Reader\Book Reader.csproj", "{89DCD9B0-9C33-4EF4-BB25-783EE4136F40}"
EndProject
Global
	GlobalSection(SolutionConfigurationPlatforms) = preSolution
		Debug|Any CPU = Debug|Any CPU
		Release|Any CPU = Release|Any CPU
	EndGlobalSection
	GlobalSection(ProjectConfigurationPlatforms) = postSolution
		{89DCD9B0-9C33-4EF4-BB25-783EE4136F40}.Debug|Any CPU.ActiveCfg = Debug|Any CPU
		{89DCD9B0-9C33-4EF4-BB25-783EE4136F40}.Debug|Any CPU.Build.0 = Debug|Any CPU
		{89DCD9B0-9C33-4EF4-BB25-783EE4136F40}.Release|Any CPU.ActiveCfg = Release|Any CPU
		{89DCD9B0-9C33-4EF4-BB25-783EE4136F40}.Release|Any CPU.Build.0 = Release|Any CPU
	EndGlobalSection
	GlobalSection(SolutionProperties) = preSolution
		HideSolutionNode = FALSE
	EndGlobalSection
	GlobalSection(ExtensibilityGlobals) = postSolution
		SolutionGuid = {44FF5846-458A-4309-BABE-E88A276A34F6}
	EndGlobalSection
EndGlobal
